
Microsoft Visual Studio Solution File, Format Version 12.00
# Visual Studio Version 16
VisualStudioVersion = 16.0.30523.141
MinimumVisualStudioVersion = 10.0.40219.1
Project("{FAE04EC0-301F-11D3-BF4B-00C04F79EFBC}") = "vowelApp", "vowelApp.csproj", "{BA28CD1E-7523-4591-9426-4B8EF70503E1}"
EndProject
Global
	GlobalSection(SolutionConfigurationPlatforms) = preSolution
		Debug|Any CPU = Debug|Any CPU
		Release|Any CPU = Release|Any CPU
	EndGlobalSection
	GlobalSection(ProjectConfigurationPlatforms) = postSolution
		{BA28CD1E-7523-4591-9426-4B8EF70503E1}.Debug|Any CPU.ActiveCfg = Debug|Any CPU
		{BA28CD1E-7523-4591-9426-4B8EF70503E1}.Debug|Any CPU.Build.0 = Debug|Any CPU
		{BA28CD1E-7523-4591-9426-4B8EF70503E1}.Release|Any CPU.ActiveCfg = Release|Any CPU
		{BA28CD1E-7523-4591-9426-4B8EF70503E1}.Release|Any CPU.Build.0 = Release|Any CPU
	EndGlobalSection
	GlobalSection(SolutionProperties) = preSolution
		HideSolutionNode = FALSE
	EndGlobalSection
	GlobalSection(ExtensibilityGlobals) = postSolution
		SolutionGuid = {BB91CB8F-5B5E-4B02-B979-2D42D6F5A0CE}
	EndGlobalSection
EndGlobal
